{
  "nodes": {
    "flake-utils": {
      "inputs": {
        "systems": [
          "systems"
        ]
      },
      "locked": {
        "lastModified": 1731533236,
        "narHash": "sha256-l0KFg5HjrsfsO/JpG+r7fRrqm12kzFHyUHqHCVpMMbI=",
        "owner": "numtide",
        "repo": "flake-utils",
        "rev": "11707dc2f618dd54ca8739b309ec4fc024de578b",
        "type": "github"
      },
      "original": {
        "owner": "numtide",
        "repo": "flake-utils",
        "type": "github"
      }
    },
    "nixpkgs": {
      "locked": {
        "lastModified": 1741037377,
        "narHash": "sha256-SvtvVKHaUX4Owb+PasySwZsoc5VUeTf1px34BByiOxw=",
        "owner": "NixOS",
        "repo": "nixpkgs",
        "rev": "02032da4af073d0f6110540c8677f16d4be0117f",
        "type": "github"
      },
      "original": {
        "owner": "NixOS",
        "ref": "nixpkgs-unstable",
        "repo": "nixpkgs",
        "type": "github"
      }
    },
    "root": {
      "inputs": {
        "flake-utils": "flake-utils",
        "nixpkgs": "nixpkgs",
        "rust-overlay": "rust-overlay",
        "systems": "systems"
      }
    },
    "rust-overlay": {
      "inputs": {
        "nixpkgs": [
          "nixpkgs"
        ]
      },
      "locked": {
        "lastModified": 1741314698,
        "narHash": "sha256-6Yp0CTwAY/jq/F81Sa8NM0Zi1EwxAdASO6y4A5neGuc=",
        "owner": "oxalica",
        "repo": "rust-overlay",
        "rev": "4e9af61c1a631886cdc7e13032af4fc9e75bb76b",
        "type": "github"
      },
      "original": {
        "owner": "oxalica",
        "repo": "rust-overlay",
        "type": "github"
      }
    },
    "systems": {
      "locked": {
        "lastModified": 1689347925,
        "narHash": "sha256-ozenz5bFe1UUqOn7f60HRmgc01BgTGIKZ4Xl+HbocGQ=",
        "owner": "nix-systems",
        "repo": "default-darwin",
        "rev": "2235d7e6cc29ae99878133c95e9fe5e157661ffb",
        "type": "github"
      },
      "original": {
        "owner": "nix-systems",
        "repo": "default-darwin",
        "type": "github"
      }
    }
  },
  "root": "root",
  "version": 7
}
